// !$*UTF8*$!
{
	archiveVersion = 1;
	classes = {
	};
	objectVersion = 50;
	objects = {

/* Begin PBXBuildFile section */
		8404938026B977A5006523D9 /* Activities.swift in Sources */ = {isa = PBXBuildFile; fileRef = 8404937F26B977A5006523D9 /* Activities.swift */; };
		8404938226B9A928006523D9 /* InputViewModel.swift in Sources */ = {isa = PBXBuildFile; fileRef = 8404938126B9A928006523D9 /* InputViewModel.swift */; };
		8404938626B9BFCE006523D9 /* InputView.swift in Sources */ = {isa = PBXBuildFile; fileRef = 8404938526B9BFCE006523D9 /* InputView.swift */; };
		8404938926BA4F2F006523D9 /* SectionModel.swift in Sources */ = {isa = PBXBuildFile; fileRef = 8404938826BA4F2F006523D9 /* SectionModel.swift */; };
		8404938B26BA4F51006523D9 /* OptionModel.swift in Sources */ = {isa = PBXBuildFile; fileRef = 8404938A26BA4F51006523D9 /* OptionModel.swift */; };
		8404938D26BA4F6B006523D9 /* SleepScheduleModel.swift in Sources */ = {isa = PBXBuildFile; fileRef = 8404938C26BA4F6B006523D9 /* SleepScheduleModel.swift */; };
		8404938F26BA4F7D006523D9 /* ImageAndTitleModel.swift in Sources */ = {isa = PBXBuildFile; fileRef = 8404938E26BA4F7D006523D9 /* ImageAndTitleModel.swift */; };
		8404939126BA4F97006523D9 /* Section.swift in Sources */ = {isa = PBXBuildFile; fileRef = 8404939026BA4F97006523D9 /* Section.swift */; };
		8404939326BA4FC0006523D9 /* ImageModel.swift in Sources */ = {isa = PBXBuildFile; fileRef = 8404939226BA4FC0006523D9 /* ImageModel.swift */; };
		8404939526BA50DF006523D9 /* TextModel.swift in Sources */ = {isa = PBXBuildFile; fileRef = 8404939426BA50DF006523D9 /* TextModel.swift */; };
		8404939826BA8471006523D9 /* ImagePicker.swift in Sources */ = {isa = PBXBuildFile; fileRef = 8404939726BA8471006523D9 /* ImagePicker.swift */; };
		8404939A26BAA522006523D9 /* SizedBox.swift in Sources */ = {isa = PBXBuildFile; fileRef = 8404939926BAA522006523D9 /* SizedBox.swift */; };
		8404939C26BAA9E7006523D9 /* Color+Extension.swift in Sources */ = {isa = PBXBuildFile; fileRef = 8404939B26BAA9E7006523D9 /* Color+Extension.swift */; };
		8404939F26BAAB21006523D9 /* ThemeHelper.swift in Sources */ = {isa = PBXBuildFile; fileRef = 8404939E26BAAB21006523D9 /* ThemeHelper.swift */; };
		8423C1FF26BE42E5000717D9 /* Date+Extension.swift in Sources */ = {isa = PBXBuildFile; fileRef = 8423C1FE26BE42E5000717D9 /* Date+Extension.swift */; };
		8423C20126BE4306000717D9 /* Calendar+Extension.swift in Sources */ = {isa = PBXBuildFile; fileRef = 8423C20026BE4306000717D9 /* Calendar+Extension.swift */; };
		8423C20326BE4329000717D9 /* DateFormatter+Extension.swift in Sources */ = {isa = PBXBuildFile; fileRef = 8423C20226BE4329000717D9 /* DateFormatter+Extension.swift */; };
		8423C20526BE43BB000717D9 /* Double+Extension.swift in Sources */ = {isa = PBXBuildFile; fileRef = 8423C20426BE43BB000717D9 /* Double+Extension.swift */; };
		8423C20726BE6AD5000717D9 /* Medical.swift in Sources */ = {isa = PBXBuildFile; fileRef = 8423C20626BE6AD5000717D9 /* Medical.swift */; };
		8423C20926BE85CE000717D9 /* Love.swift in Sources */ = {isa = PBXBuildFile; fileRef = 8423C20826BE85CE000717D9 /* Love.swift */; };
		8423C20B26BFB5E7000717D9 /* UIApplication+Extension.swift in Sources */ = {isa = PBXBuildFile; fileRef = 8423C20A26BFB5E7000717D9 /* UIApplication+Extension.swift */; };
		8423C20D26BFBBCA000717D9 /* Food.swift in Sources */ = {isa = PBXBuildFile; fileRef = 8423C20C26BFBBCA000717D9 /* Food.swift */; };
		8423C20F26BFC5A0000717D9 /* Beauty.swift in Sources */ = {isa = PBXBuildFile; fileRef = 8423C20E26BFC5A0000717D9 /* Beauty.swift */; };
		8423C21126BFD384000717D9 /* Hobby.swift in Sources */ = {isa = PBXBuildFile; fileRef = 8423C21026BFD384000717D9 /* Hobby.swift */; };
		8423C21326BFE2F0000717D9 /* Job.swift in Sources */ = {isa = PBXBuildFile; fileRef = 8423C21226BFE2F0000717D9 /* Job.swift */; };
		8423C21526BFE978000717D9 /* School.swift in Sources */ = {isa = PBXBuildFile; fileRef = 8423C21426BFE978000717D9 /* School.swift */; };
		8424A92F26B5BE0B00BE4454 /* mood_recorderApp.swift in Sources */ = {isa = PBXBuildFile; fileRef = 8424A92E26B5BE0B00BE4454 /* mood_recorderApp.swift */; };
		8424A93126B5BE0B00BE4454 /* ContentView.swift in Sources */ = {isa = PBXBuildFile; fileRef = 8424A93026B5BE0B00BE4454 /* ContentView.swift */; };
		8424A93326B5BE0F00BE4454 /* Assets.xcassets in Resources */ = {isa = PBXBuildFile; fileRef = 8424A93226B5BE0F00BE4454 /* Assets.xcassets */; };
		8424A93626B5BE0F00BE4454 /* Preview Assets.xcassets in Resources */ = {isa = PBXBuildFile; fileRef = 8424A93526B5BE0F00BE4454 /* Preview Assets.xcassets */; };
		8424A93826B5BE0F00BE4454 /* Persistence.swift in Sources */ = {isa = PBXBuildFile; fileRef = 8424A93726B5BE0F00BE4454 /* Persistence.swift */; };
		8424A93B26B5BE0F00BE4454 /* mood_recorder.xcdatamodeld in Sources */ = {isa = PBXBuildFile; fileRef = 8424A93926B5BE0F00BE4454 /* mood_recorder.xcdatamodeld */; };
		8476F1A726B85B9000F62854 /* InputDataModel.swift in Sources */ = {isa = PBXBuildFile; fileRef = 8476F1A626B85B9000F62854 /* InputDataModel.swift */; };
		8476F1A926B861EC00F62854 /* Weather.swift in Sources */ = {isa = PBXBuildFile; fileRef = 8476F1A826B861EC00F62854 /* Weather.swift */; };
		8476F1AD26B8637300F62854 /* String+Extension.swift in Sources */ = {isa = PBXBuildFile; fileRef = 8476F1AC26B8637300F62854 /* String+Extension.swift */; };
		84CBB35F26B703BF00A8E377 /* CustomTabBar.swift in Sources */ = {isa = PBXBuildFile; fileRef = 84CBB35E26B703BF00A8E377 /* CustomTabBar.swift */; };
		84CBB36126B7102700A8E377 /* AppImage.swift in Sources */ = {isa = PBXBuildFile; fileRef = 84CBB36026B7102700A8E377 /* AppImage.swift */; };
		84CBB36426B7154100A8E377 /* HomeView.swift in Sources */ = {isa = PBXBuildFile; fileRef = 84CBB36326B7154100A8E377 /* HomeView.swift */; };
		84CBB36626B7164E00A8E377 /* HomeViewModel.swift in Sources */ = {isa = PBXBuildFile; fileRef = 84CBB36526B7164E00A8E377 /* HomeViewModel.swift */; };
		84CBB36826B71A2800A8E377 /* TalkBubble.swift in Sources */ = {isa = PBXBuildFile; fileRef = 84CBB36726B71A2800A8E377 /* TalkBubble.swift */; };
		84CBB36A26B71E7500A8E377 /* ResizeAnimationButtonStyle.swift in Sources */ = {isa = PBXBuildFile; fileRef = 84CBB36926B71E7500A8E377 /* ResizeAnimationButtonStyle.swift */; };
		84CBB36C26B71EE600A8E377 /* RoundImageView.swift in Sources */ = {isa = PBXBuildFile; fileRef = 84CBB36B26B71EE600A8E377 /* RoundImageView.swift */; };
		84EF6B7226B7A4BA00C0551F /* CoreEmotion.swift in Sources */ = {isa = PBXBuildFile; fileRef = 84EF6B7126B7A4BA00C0551F /* CoreEmotion.swift */; };
/* End PBXBuildFile section */

/* Begin PBXFileReference section */
		8404937F26B977A5006523D9 /* Activities.swift */ = {isa = PBXFileReference; lastKnownFileType = sourcecode.swift; path = Activities.swift; sourceTree = "<group>"; };
		8404938126B9A928006523D9 /* InputViewModel.swift */ = {isa = PBXFileReference; lastKnownFileType = sourcecode.swift; path = InputViewModel.swift; sourceTree = "<group>"; };
		8404938526B9BFCE006523D9 /* InputView.swift */ = {isa = PBXFileReference; fileEncoding = 4; lastKnownFileType = sourcecode.swift; path = InputView.swift; sourceTree = "<group>"; };
		8404938826BA4F2F006523D9 /* SectionModel.swift */ = {isa = PBXFileReference; lastKnownFileType = sourcecode.swift; path = SectionModel.swift; sourceTree = "<group>"; };
		8404938A26BA4F51006523D9 /* OptionModel.swift */ = {isa = PBXFileReference; lastKnownFileType = sourcecode.swift; path = OptionModel.swift; sourceTree = "<group>"; };
		8404938C26BA4F6B006523D9 /* SleepScheduleModel.swift */ = {isa = PBXFileReference; lastKnownFileType = sourcecode.swift; path = SleepScheduleModel.swift; sourceTree = "<group>"; };
		8404938E26BA4F7D006523D9 /* ImageAndTitleModel.swift */ = {isa = PBXFileReference; lastKnownFileType = sourcecode.swift; path = ImageAndTitleModel.swift; sourceTree = "<group>"; };
		8404939026BA4F97006523D9 /* Section.swift */ = {isa = PBXFileReference; lastKnownFileType = sourcecode.swift; path = Section.swift; sourceTree = "<group>"; };
		8404939226BA4FC0006523D9 /* ImageModel.swift */ = {isa = PBXFileReference; lastKnownFileType = sourcecode.swift; path = ImageModel.swift; sourceTree = "<group>"; };
		8404939426BA50DF006523D9 /* TextModel.swift */ = {isa = PBXFileReference; lastKnownFileType = sourcecode.swift; path = TextModel.swift; sourceTree = "<group>"; };
		8404939726BA8471006523D9 /* ImagePicker.swift */ = {isa = PBXFileReference; lastKnownFileType = sourcecode.swift; path = ImagePicker.swift; sourceTree = "<group>"; };
		8404939926BAA522006523D9 /* SizedBox.swift */ = {isa = PBXFileReference; lastKnownFileType = sourcecode.swift; path = SizedBox.swift; sourceTree = "<group>"; };
		8404939B26BAA9E7006523D9 /* Color+Extension.swift */ = {isa = PBXFileReference; lastKnownFileType = sourcecode.swift; path = "Color+Extension.swift"; sourceTree = "<group>"; };
		8404939E26BAAB21006523D9 /* ThemeHelper.swift */ = {isa = PBXFileReference; lastKnownFileType = sourcecode.swift; path = ThemeHelper.swift; sourceTree = "<group>"; };
		8423C1FE26BE42E5000717D9 /* Date+Extension.swift */ = {isa = PBXFileReference; lastKnownFileType = sourcecode.swift; path = "Date+Extension.swift"; sourceTree = "<group>"; };
		8423C20026BE4306000717D9 /* Calendar+Extension.swift */ = {isa = PBXFileReference; lastKnownFileType = sourcecode.swift; path = "Calendar+Extension.swift"; sourceTree = "<group>"; };
		8423C20226BE4329000717D9 /* DateFormatter+Extension.swift */ = {isa = PBXFileReference; lastKnownFileType = sourcecode.swift; path = "DateFormatter+Extension.swift"; sourceTree = "<group>"; };
		8423C20426BE43BB000717D9 /* Double+Extension.swift */ = {isa = PBXFileReference; lastKnownFileType = sourcecode.swift; path = "Double+Extension.swift"; sourceTree = "<group>"; };
		8423C20626BE6AD5000717D9 /* Medical.swift */ = {isa = PBXFileReference; lastKnownFileType = sourcecode.swift; path = Medical.swift; sourceTree = "<group>"; };
		8423C20826BE85CE000717D9 /* Love.swift */ = {isa = PBXFileReference; lastKnownFileType = sourcecode.swift; path = Love.swift; sourceTree = "<group>"; };
		8423C20A26BFB5E7000717D9 /* UIApplication+Extension.swift */ = {isa = PBXFileReference; lastKnownFileType = sourcecode.swift; path = "UIApplication+Extension.swift"; sourceTree = "<group>"; };
		8423C20C26BFBBCA000717D9 /* Food.swift */ = {isa = PBXFileReference; lastKnownFileType = sourcecode.swift; path = Food.swift; sourceTree = "<group>"; };
		8423C20E26BFC5A0000717D9 /* Beauty.swift */ = {isa = PBXFileReference; lastKnownFileType = sourcecode.swift; path = Beauty.swift; sourceTree = "<group>"; };
		8423C21026BFD384000717D9 /* Hobby.swift */ = {isa = PBXFileReference; lastKnownFileType = sourcecode.swift; path = Hobby.swift; sourceTree = "<group>"; };
		8423C21226BFE2F0000717D9 /* Job.swift */ = {isa = PBXFileReference; lastKnownFileType = sourcecode.swift; path = Job.swift; sourceTree = "<group>"; };
		8423C21426BFE978000717D9 /* School.swift */ = {isa = PBXFileReference; lastKnownFileType = sourcecode.swift; path = School.swift; sourceTree = "<group>"; };
		8424A92B26B5BE0B00BE4454 /* mood-recorder.app */ = {isa = PBXFileReference; explicitFileType = wrapper.application; includeInIndex = 0; path = "mood-recorder.app"; sourceTree = BUILT_PRODUCTS_DIR; };
		8424A92E26B5BE0B00BE4454 /* mood_recorderApp.swift */ = {isa = PBXFileReference; lastKnownFileType = sourcecode.swift; path = mood_recorderApp.swift; sourceTree = "<group>"; };
		8424A93026B5BE0B00BE4454 /* ContentView.swift */ = {isa = PBXFileReference; lastKnownFileType = sourcecode.swift; path = ContentView.swift; sourceTree = "<group>"; };
		8424A93226B5BE0F00BE4454 /* Assets.xcassets */ = {isa = PBXFileReference; lastKnownFileType = folder.assetcatalog; path = Assets.xcassets; sourceTree = "<group>"; };
		8424A93526B5BE0F00BE4454 /* Preview Assets.xcassets */ = {isa = PBXFileReference; lastKnownFileType = folder.assetcatalog; path = "Preview Assets.xcassets"; sourceTree = "<group>"; };
		8424A93726B5BE0F00BE4454 /* Persistence.swift */ = {isa = PBXFileReference; lastKnownFileType = sourcecode.swift; path = Persistence.swift; sourceTree = "<group>"; };
		8424A93A26B5BE0F00BE4454 /* mood_recorder.xcdatamodel */ = {isa = PBXFileReference; lastKnownFileType = wrapper.xcdatamodel; path = mood_recorder.xcdatamodel; sourceTree = "<group>"; };
		8424A93C26B5BE0F00BE4454 /* Info.plist */ = {isa = PBXFileReference; lastKnownFileType = text.plist.xml; path = Info.plist; sourceTree = "<group>"; };
		8476F1A626B85B9000F62854 /* InputDataModel.swift */ = {isa = PBXFileReference; lastKnownFileType = sourcecode.swift; path = InputDataModel.swift; sourceTree = "<group>"; };
		8476F1A826B861EC00F62854 /* Weather.swift */ = {isa = PBXFileReference; lastKnownFileType = sourcecode.swift; path = Weather.swift; sourceTree = "<group>"; };
		8476F1AC26B8637300F62854 /* String+Extension.swift */ = {isa = PBXFileReference; lastKnownFileType = sourcecode.swift; path = "String+Extension.swift"; sourceTree = "<group>"; };
		84CBB35E26B703BF00A8E377 /* CustomTabBar.swift */ = {isa = PBXFileReference; lastKnownFileType = sourcecode.swift; path = CustomTabBar.swift; sourceTree = "<group>"; };
		84CBB36026B7102700A8E377 /* AppImage.swift */ = {isa = PBXFileReference; lastKnownFileType = sourcecode.swift; path = AppImage.swift; sourceTree = "<group>"; };
		84CBB36326B7154100A8E377 /* HomeView.swift */ = {isa = PBXFileReference; lastKnownFileType = sourcecode.swift; path = HomeView.swift; sourceTree = "<group>"; };
		84CBB36526B7164E00A8E377 /* HomeViewModel.swift */ = {isa = PBXFileReference; lastKnownFileType = sourcecode.swift; path = HomeViewModel.swift; sourceTree = "<group>"; };
		84CBB36726B71A2800A8E377 /* TalkBubble.swift */ = {isa = PBXFileReference; lastKnownFileType = sourcecode.swift; path = TalkBubble.swift; sourceTree = "<group>"; };
		84CBB36926B71E7500A8E377 /* ResizeAnimationButtonStyle.swift */ = {isa = PBXFileReference; lastKnownFileType = sourcecode.swift; path = ResizeAnimationButtonStyle.swift; sourceTree = "<group>"; };
		84CBB36B26B71EE600A8E377 /* RoundImageView.swift */ = {isa = PBXFileReference; lastKnownFileType = sourcecode.swift; path = RoundImageView.swift; sourceTree = "<group>"; };
		84EF6B7126B7A4BA00C0551F /* CoreEmotion.swift */ = {isa = PBXFileReference; lastKnownFileType = sourcecode.swift; path = CoreEmotion.swift; sourceTree = "<group>"; };
/* End PBXFileReference section */

/* Begin PBXFrameworksBuildPhase section */
		8424A92826B5BE0B00BE4454 /* Frameworks */ = {
			isa = PBXFrameworksBuildPhase;
			buildActionMask = 2147483647;
			files = (
			);
			runOnlyForDeploymentPostprocessing = 0;
		};
/* End PBXFrameworksBuildPhase section */

/* Begin PBXGroup section */
		8404938726BA4F15006523D9 /* Enum */ = {
			isa = PBXGroup;
			children = (
				84EF6B7126B7A4BA00C0551F /* CoreEmotion.swift */,
				8476F1A826B861EC00F62854 /* Weather.swift */,
				8404937F26B977A5006523D9 /* Activities.swift */,
				8404939026BA4F97006523D9 /* Section.swift */,
				8423C20626BE6AD5000717D9 /* Medical.swift */,
				8423C20826BE85CE000717D9 /* Love.swift */,
				8423C20C26BFBBCA000717D9 /* Food.swift */,
				8423C20E26BFC5A0000717D9 /* Beauty.swift */,
				8423C21026BFD384000717D9 /* Hobby.swift */,
				8423C21226BFE2F0000717D9 /* Job.swift */,
				8423C21426BFE978000717D9 /* School.swift */,
			);
			path = Enum;
			sourceTree = "<group>";
		};
		8404939626BA5118006523D9 /* InputModel */ = {
			isa = PBXGroup;
			children = (
				8476F1A626B85B9000F62854 /* InputDataModel.swift */,
				8404938826BA4F2F006523D9 /* SectionModel.swift */,
				8404938A26BA4F51006523D9 /* OptionModel.swift */,
				8404938C26BA4F6B006523D9 /* SleepScheduleModel.swift */,
				8404938E26BA4F7D006523D9 /* ImageAndTitleModel.swift */,
				8404939226BA4FC0006523D9 /* ImageModel.swift */,
				8404939426BA50DF006523D9 /* TextModel.swift */,
			);
			path = InputModel;
			sourceTree = "<group>";
		};
		8404939D26BAAB14006523D9 /* Helper */ = {
			isa = PBXGroup;
			children = (
				8404939E26BAAB21006523D9 /* ThemeHelper.swift */,
			);
			path = Helper;
			sourceTree = "<group>";
		};
		8424A92226B5BE0B00BE4454 = {
			isa = PBXGroup;
			children = (
				8424A92D26B5BE0B00BE4454 /* mood-recorder */,
				8424A92C26B5BE0B00BE4454 /* Products */,
			);
			sourceTree = "<group>";
		};
		8424A92C26B5BE0B00BE4454 /* Products */ = {
			isa = PBXGroup;
			children = (
				8424A92B26B5BE0B00BE4454 /* mood-recorder.app */,
			);
			name = Products;
			sourceTree = "<group>";
		};
		8424A92D26B5BE0B00BE4454 /* mood-recorder */ = {
			isa = PBXGroup;
			children = (
				84CBB35826B6FDF800A8E377 /* Application */,
				84CBB35726B6FDF400A8E377 /* Domain */,
				84CBB35626B6FDD000A8E377 /* Platform */,
				8424A93226B5BE0F00BE4454 /* Assets.xcassets */,
				8424A93C26B5BE0F00BE4454 /* Info.plist */,
				8424A93426B5BE0F00BE4454 /* Preview Content */,
			);
			path = "mood-recorder";
			sourceTree = "<group>";
		};
		8424A93426B5BE0F00BE4454 /* Preview Content */ = {
			isa = PBXGroup;
			children = (
				8424A93526B5BE0F00BE4454 /* Preview Assets.xcassets */,
			);
			path = "Preview Content";
			sourceTree = "<group>";
		};
		8476F1A526B85B7900F62854 /* Input */ = {
			isa = PBXGroup;
			children = (
				8404938526B9BFCE006523D9 /* InputView.swift */,
				8404938126B9A928006523D9 /* InputViewModel.swift */,
			);
			path = Input;
			sourceTree = "<group>";
		};
		8476F1AA26B8635900F62854 /* Utilities */ = {
			isa = PBXGroup;
			children = (
				8404939D26BAAB14006523D9 /* Helper */,
				8476F1AB26B8635F00F62854 /* Extension */,
			);
			path = Utilities;
			sourceTree = "<group>";
		};
		8476F1AB26B8635F00F62854 /* Extension */ = {
			isa = PBXGroup;
			children = (
				8476F1AC26B8637300F62854 /* String+Extension.swift */,
				8404939B26BAA9E7006523D9 /* Color+Extension.swift */,
				8423C1FE26BE42E5000717D9 /* Date+Extension.swift */,
				8423C20026BE4306000717D9 /* Calendar+Extension.swift */,
				8423C20226BE4329000717D9 /* DateFormatter+Extension.swift */,
				8423C20426BE43BB000717D9 /* Double+Extension.swift */,
				8423C20A26BFB5E7000717D9 /* UIApplication+Extension.swift */,
			);
			path = Extension;
			sourceTree = "<group>";
		};
		84CBB35626B6FDD000A8E377 /* Platform */ = {
			isa = PBXGroup;
			children = (
				84CBB35926B6FE0700A8E377 /* Database */,
			);
			path = Platform;
			sourceTree = "<group>";
		};
		84CBB35726B6FDF400A8E377 /* Domain */ = {
			isa = PBXGroup;
			children = (
				8404938726BA4F15006523D9 /* Enum */,
				84CBB36D26B725C600A8E377 /* Model */,
			);
			path = Domain;
			sourceTree = "<group>";
		};
		84CBB35826B6FDF800A8E377 /* Application */ = {
			isa = PBXGroup;
			children = (
				8476F1AA26B8635900F62854 /* Utilities */,
				84CBB35D26B703AB00A8E377 /* Component */,
				84CBB35B26B6FE3300A8E377 /* Scene */,
				84CBB35A26B6FE1400A8E377 /* App */,
			);
			path = Application;
			sourceTree = "<group>";
		};
		84CBB35926B6FE0700A8E377 /* Database */ = {
			isa = PBXGroup;
			children = (
				8424A93726B5BE0F00BE4454 /* Persistence.swift */,
				8424A93926B5BE0F00BE4454 /* mood_recorder.xcdatamodeld */,
			);
			path = Database;
			sourceTree = "<group>";
		};
		84CBB35A26B6FE1400A8E377 /* App */ = {
			isa = PBXGroup;
			children = (
				8424A92E26B5BE0B00BE4454 /* mood_recorderApp.swift */,
				8424A93026B5BE0B00BE4454 /* ContentView.swift */,
			);
			path = App;
			sourceTree = "<group>";
		};
		84CBB35B26B6FE3300A8E377 /* Scene */ = {
			isa = PBXGroup;
			children = (
				8476F1A526B85B7900F62854 /* Input */,
				84CBB36226B7152C00A8E377 /* Home */,
			);
			path = Scene;
			sourceTree = "<group>";
		};
		84CBB35D26B703AB00A8E377 /* Component */ = {
			isa = PBXGroup;
			children = (
				84CBB35E26B703BF00A8E377 /* CustomTabBar.swift */,
				84CBB36026B7102700A8E377 /* AppImage.swift */,
				84CBB36726B71A2800A8E377 /* TalkBubble.swift */,
				84CBB36926B71E7500A8E377 /* ResizeAnimationButtonStyle.swift */,
				84CBB36B26B71EE600A8E377 /* RoundImageView.swift */,
				8404939726BA8471006523D9 /* ImagePicker.swift */,
				8404939926BAA522006523D9 /* SizedBox.swift */,
			);
			path = Component;
			sourceTree = "<group>";
		};
		84CBB36226B7152C00A8E377 /* Home */ = {
			isa = PBXGroup;
			children = (
				84CBB36326B7154100A8E377 /* HomeView.swift */,
				84CBB36526B7164E00A8E377 /* HomeViewModel.swift */,
			);
			path = Home;
			sourceTree = "<group>";
		};
		84CBB36D26B725C600A8E377 /* Model */ = {
			isa = PBXGroup;
			children = (
				8404939626BA5118006523D9 /* InputModel */,
			);
			path = Model;
			sourceTree = "<group>";
		};
/* End PBXGroup section */

/* Begin PBXNativeTarget section */
		8424A92A26B5BE0B00BE4454 /* mood-recorder */ = {
			isa = PBXNativeTarget;
			buildConfigurationList = 8424A93F26B5BE0F00BE4454 /* Build configuration list for PBXNativeTarget "mood-recorder" */;
			buildPhases = (
				8424A92726B5BE0B00BE4454 /* Sources */,
				8424A92826B5BE0B00BE4454 /* Frameworks */,
				8424A92926B5BE0B00BE4454 /* Resources */,
			);
			buildRules = (
			);
			dependencies = (
			);
			name = "mood-recorder";
			productName = "mood-recorder";
			productReference = 8424A92B26B5BE0B00BE4454 /* mood-recorder.app */;
			productType = "com.apple.product-type.application";
		};
/* End PBXNativeTarget section */

/* Begin PBXProject section */
		8424A92326B5BE0B00BE4454 /* Project object */ = {
			isa = PBXProject;
			attributes = {
				LastSwiftUpdateCheck = 1250;
				LastUpgradeCheck = 1250;
				TargetAttributes = {
					8424A92A26B5BE0B00BE4454 = {
						CreatedOnToolsVersion = 12.5;
					};
				};
			};
			buildConfigurationList = 8424A92626B5BE0B00BE4454 /* Build configuration list for PBXProject "mood-recorder" */;
			compatibilityVersion = "Xcode 9.3";
			developmentRegion = en;
			hasScannedForEncodings = 0;
			knownRegions = (
				en,
				Base,
			);
			mainGroup = 8424A92226B5BE0B00BE4454;
			productRefGroup = 8424A92C26B5BE0B00BE4454 /* Products */;
			projectDirPath = "";
			projectRoot = "";
			targets = (
				8424A92A26B5BE0B00BE4454 /* mood-recorder */,
			);
		};
/* End PBXProject section */

/* Begin PBXResourcesBuildPhase section */
		8424A92926B5BE0B00BE4454 /* Resources */ = {
			isa = PBXResourcesBuildPhase;
			buildActionMask = 2147483647;
			files = (
				8424A93626B5BE0F00BE4454 /* Preview Assets.xcassets in Resources */,
				8424A93326B5BE0F00BE4454 /* Assets.xcassets in Resources */,
			);
			runOnlyForDeploymentPostprocessing = 0;
		};
/* End PBXResourcesBuildPhase section */

/* Begin PBXSourcesBuildPhase section */
		8424A92726B5BE0B00BE4454 /* Sources */ = {
			isa = PBXSourcesBuildPhase;
			buildActionMask = 2147483647;
			files = (
				8423C20926BE85CE000717D9 /* Love.swift in Sources */,
				8404938026B977A5006523D9 /* Activities.swift in Sources */,
				8424A93826B5BE0F00BE4454 /* Persistence.swift in Sources */,
				84CBB35F26B703BF00A8E377 /* CustomTabBar.swift in Sources */,
				84CBB36C26B71EE600A8E377 /* RoundImageView.swift in Sources */,
				8424A93126B5BE0B00BE4454 /* ContentView.swift in Sources */,
				8423C1FF26BE42E5000717D9 /* Date+Extension.swift in Sources */,
				84CBB36626B7164E00A8E377 /* HomeViewModel.swift in Sources */,
				84CBB36A26B71E7500A8E377 /* ResizeAnimationButtonStyle.swift in Sources */,
				8404939326BA4FC0006523D9 /* ImageModel.swift in Sources */,
				8404939F26BAAB21006523D9 /* ThemeHelper.swift in Sources */,
				8404938926BA4F2F006523D9 /* SectionModel.swift in Sources */,
				8423C21126BFD384000717D9 /* Hobby.swift in Sources */,
				8476F1A926B861EC00F62854 /* Weather.swift in Sources */,
				84CBB36426B7154100A8E377 /* HomeView.swift in Sources */,
				8424A93B26B5BE0F00BE4454 /* mood_recorder.xcdatamodeld in Sources */,
				8404938D26BA4F6B006523D9 /* SleepScheduleModel.swift in Sources */,
				8423C21526BFE978000717D9 /* School.swift in Sources */,
				8404939826BA8471006523D9 /* ImagePicker.swift in Sources */,
				84EF6B7226B7A4BA00C0551F /* CoreEmotion.swift in Sources */,
				8404939C26BAA9E7006523D9 /* Color+Extension.swift in Sources */,
				8423C20326BE4329000717D9 /* DateFormatter+Extension.swift in Sources */,
				8423C20726BE6AD5000717D9 /* Medical.swift in Sources */,
				8423C20D26BFBBCA000717D9 /* Food.swift in Sources */,
				8404939A26BAA522006523D9 /* SizedBox.swift in Sources */,
				8423C20B26BFB5E7000717D9 /* UIApplication+Extension.swift in Sources */,
				8424A92F26B5BE0B00BE4454 /* mood_recorderApp.swift in Sources */,
				8404938226B9A928006523D9 /* InputViewModel.swift in Sources */,
				8404939526BA50DF006523D9 /* TextModel.swift in Sources */,
				8423C20126BE4306000717D9 /* Calendar+Extension.swift in Sources */,
				8404939126BA4F97006523D9 /* Section.swift in Sources */,
				8423C20F26BFC5A0000717D9 /* Beauty.swift in Sources */,
				8404938B26BA4F51006523D9 /* OptionModel.swift in Sources */,
				84CBB36126B7102700A8E377 /* AppImage.swift in Sources */,
				8423C20526BE43BB000717D9 /* Double+Extension.swift in Sources */,
				8476F1A726B85B9000F62854 /* InputDataModel.swift in Sources */,
				8404938626B9BFCE006523D9 /* InputView.swift in Sources */,
				8476F1AD26B8637300F62854 /* String+Extension.swift in Sources */,
				8404938F26BA4F7D006523D9 /* ImageAndTitleModel.swift in Sources */,
				84CBB36826B71A2800A8E377 /* TalkBubble.swift in Sources */,
				8423C21326BFE2F0000717D9 /* Job.swift in Sources */,
			);
			runOnlyForDeploymentPostprocessing = 0;
		};
/* End PBXSourcesBuildPhase section */

/* Begin XCBuildConfiguration section */
		8424A93D26B5BE0F00BE4454 /* Debug */ = {
			isa = XCBuildConfiguration;
			buildSettings = {
				ALWAYS_SEARCH_USER_PATHS = NO;
				CLANG_ANALYZER_NONNULL = YES;
				CLANG_ANALYZER_NUMBER_OBJECT_CONVERSION = YES_AGGRESSIVE;
				CLANG_CXX_LANGUAGE_STANDARD = "gnu++14";
				CLANG_CXX_LIBRARY = "libc++";
				CLANG_ENABLE_MODULES = YES;
				CLANG_ENABLE_OBJC_ARC = YES;
				CLANG_ENABLE_OBJC_WEAK = YES;
				CLANG_WARN_BLOCK_CAPTURE_AUTORELEASING = YES;
				CLANG_WARN_BOOL_CONVERSION = YES;
				CLANG_WARN_COMMA = YES;
				CLANG_WARN_CONSTANT_CONVERSION = YES;
				CLANG_WARN_DEPRECATED_OBJC_IMPLEMENTATIONS = YES;
				CLANG_WARN_DIRECT_OBJC_ISA_USAGE = YES_ERROR;
				CLANG_WARN_DOCUMENTATION_COMMENTS = YES;
				CLANG_WARN_EMPTY_BODY = YES;
				CLANG_WARN_ENUM_CONVERSION = YES;
				CLANG_WARN_INFINITE_RECURSION = YES;
				CLANG_WARN_INT_CONVERSION = YES;
				CLANG_WARN_NON_LITERAL_NULL_CONVERSION = YES;
				CLANG_WARN_OBJC_IMPLICIT_RETAIN_SELF = YES;
				CLANG_WARN_OBJC_LITERAL_CONVERSION = YES;
				CLANG_WARN_OBJC_ROOT_CLASS = YES_ERROR;
				CLANG_WARN_QUOTED_INCLUDE_IN_FRAMEWORK_HEADER = YES;
				CLANG_WARN_RANGE_LOOP_ANALYSIS = YES;
				CLANG_WARN_STRICT_PROTOTYPES = YES;
				CLANG_WARN_SUSPICIOUS_MOVE = YES;
				CLANG_WARN_UNGUARDED_AVAILABILITY = YES_AGGRESSIVE;
				CLANG_WARN_UNREACHABLE_CODE = YES;
				CLANG_WARN__DUPLICATE_METHOD_MATCH = YES;
				COPY_PHASE_STRIP = NO;
				DEBUG_INFORMATION_FORMAT = dwarf;
				ENABLE_STRICT_OBJC_MSGSEND = YES;
				ENABLE_TESTABILITY = YES;
				GCC_C_LANGUAGE_STANDARD = gnu11;
				GCC_DYNAMIC_NO_PIC = NO;
				GCC_NO_COMMON_BLOCKS = YES;
				GCC_OPTIMIZATION_LEVEL = 0;
				GCC_PREPROCESSOR_DEFINITIONS = (
					"DEBUG=1",
					"$(inherited)",
				);
				GCC_WARN_64_TO_32_BIT_CONVERSION = YES;
				GCC_WARN_ABOUT_RETURN_TYPE = YES_ERROR;
				GCC_WARN_UNDECLARED_SELECTOR = YES;
				GCC_WARN_UNINITIALIZED_AUTOS = YES_AGGRESSIVE;
				GCC_WARN_UNUSED_FUNCTION = YES;
				GCC_WARN_UNUSED_VARIABLE = YES;
				IPHONEOS_DEPLOYMENT_TARGET = 14.5;
				MTL_ENABLE_DEBUG_INFO = INCLUDE_SOURCE;
				MTL_FAST_MATH = YES;
				ONLY_ACTIVE_ARCH = YES;
				SDKROOT = iphoneos;
				SWIFT_ACTIVE_COMPILATION_CONDITIONS = DEBUG;
				SWIFT_OPTIMIZATION_LEVEL = "-Onone";
			};
			name = Debug;
		};
		8424A93E26B5BE0F00BE4454 /* Release */ = {
			isa = XCBuildConfiguration;
			buildSettings = {
				ALWAYS_SEARCH_USER_PATHS = NO;
				CLANG_ANALYZER_NONNULL = YES;
				CLANG_ANALYZER_NUMBER_OBJECT_CONVERSION = YES_AGGRESSIVE;
				CLANG_CXX_LANGUAGE_STANDARD = "gnu++14";
				CLANG_CXX_LIBRARY = "libc++";
				CLANG_ENABLE_MODULES = YES;
				CLANG_ENABLE_OBJC_ARC = YES;
				CLANG_ENABLE_OBJC_WEAK = YES;
				CLANG_WARN_BLOCK_CAPTURE_AUTORELEASING = YES;
				CLANG_WARN_BOOL_CONVERSION = YES;
				CLANG_WARN_COMMA = YES;
				CLANG_WARN_CONSTANT_CONVERSION = YES;
				CLANG_WARN_DEPRECATED_OBJC_IMPLEMENTATIONS = YES;
				CLANG_WARN_DIRECT_OBJC_ISA_USAGE = YES_ERROR;
				CLANG_WARN_DOCUMENTATION_COMMENTS = YES;
				CLANG_WARN_EMPTY_BODY = YES;
				CLANG_WARN_ENUM_CONVERSION = YES;
				CLANG_WARN_INFINITE_RECURSION = YES;
				CLANG_WARN_INT_CONVERSION = YES;
				CLANG_WARN_NON_LITERAL_NULL_CONVERSION = YES;
				CLANG_WARN_OBJC_IMPLICIT_RETAIN_SELF = YES;
				CLANG_WARN_OBJC_LITERAL_CONVERSION = YES;
				CLANG_WARN_OBJC_ROOT_CLASS = YES_ERROR;
				CLANG_WARN_QUOTED_INCLUDE_IN_FRAMEWORK_HEADER = YES;
				CLANG_WARN_RANGE_LOOP_ANALYSIS = YES;
				CLANG_WARN_STRICT_PROTOTYPES = YES;
				CLANG_WARN_SUSPICIOUS_MOVE = YES;
				CLANG_WARN_UNGUARDED_AVAILABILITY = YES_AGGRESSIVE;
				CLANG_WARN_UNREACHABLE_CODE = YES;
				CLANG_WARN__DUPLICATE_METHOD_MATCH = YES;
				COPY_PHASE_STRIP = NO;
				DEBUG_INFORMATION_FORMAT = "dwarf-with-dsym";
				ENABLE_NS_ASSERTIONS = NO;
				ENABLE_STRICT_OBJC_MSGSEND = YES;
				GCC_C_LANGUAGE_STANDARD = gnu11;
				GCC_NO_COMMON_BLOCKS = YES;
				GCC_WARN_64_TO_32_BIT_CONVERSION = YES;
				GCC_WARN_ABOUT_RETURN_TYPE = YES_ERROR;
				GCC_WARN_UNDECLARED_SELECTOR = YES;
				GCC_WARN_UNINITIALIZED_AUTOS = YES_AGGRESSIVE;
				GCC_WARN_UNUSED_FUNCTION = YES;
				GCC_WARN_UNUSED_VARIABLE = YES;
				IPHONEOS_DEPLOYMENT_TARGET = 14.5;
				MTL_ENABLE_DEBUG_INFO = NO;
				MTL_FAST_MATH = YES;
				SDKROOT = iphoneos;
				SWIFT_COMPILATION_MODE = wholemodule;
				SWIFT_OPTIMIZATION_LEVEL = "-O";
				VALIDATE_PRODUCT = YES;
			};
			name = Release;
		};
		8424A94026B5BE0F00BE4454 /* Debug */ = {
			isa = XCBuildConfiguration;
			buildSettings = {
				ASSETCATALOG_COMPILER_APPICON_NAME = AppIcon;
				ASSETCATALOG_COMPILER_GLOBAL_ACCENT_COLOR_NAME = AccentColor;
				CODE_SIGN_STYLE = Automatic;
				DEVELOPMENT_ASSET_PATHS = "\"mood-recorder/Preview Content\"";
				DEVELOPMENT_TEAM = J243X8N8UC;
				ENABLE_PREVIEWS = YES;
				INFOPLIST_FILE = "mood-recorder/Info.plist";
				IPHONEOS_DEPLOYMENT_TARGET = 14.0;
				LD_RUNPATH_SEARCH_PATHS = (
					"$(inherited)",
					"@executable_path/Frameworks",
				);
				PRODUCT_BUNDLE_IDENTIFIER = "com.qtcorp.mood-recorder";
				PRODUCT_NAME = "$(TARGET_NAME)";
				SWIFT_VERSION = 5.0;
				TARGETED_DEVICE_FAMILY = "1,2";
			};
			name = Debug;
		};
		8424A94126B5BE0F00BE4454 /* Release */ = {
			isa = XCBuildConfiguration;
			buildSettings = {
				ASSETCATALOG_COMPILER_APPICON_NAME = AppIcon;
				ASSETCATALOG_COMPILER_GLOBAL_ACCENT_COLOR_NAME = AccentColor;
				CODE_SIGN_STYLE = Automatic;
				DEVELOPMENT_ASSET_PATHS = "\"mood-recorder/Preview Content\"";
				DEVELOPMENT_TEAM = J243X8N8UC;
				ENABLE_PREVIEWS = YES;
				INFOPLIST_FILE = "mood-recorder/Info.plist";
				IPHONEOS_DEPLOYMENT_TARGET = 14.0;
				LD_RUNPATH_SEARCH_PATHS = (
					"$(inherited)",
					"@executable_path/Frameworks",
				);
				PRODUCT_BUNDLE_IDENTIFIER = "com.qtcorp.mood-recorder";
				PRODUCT_NAME = "$(TARGET_NAME)";
				SWIFT_VERSION = 5.0;
				TARGETED_DEVICE_FAMILY = "1,2";
			};
			name = Release;
		};
/* End XCBuildConfiguration section */

/* Begin XCConfigurationList section */
		8424A92626B5BE0B00BE4454 /* Build configuration list for PBXProject "mood-recorder" */ = {
			isa = XCConfigurationList;
			buildConfigurations = (
				8424A93D26B5BE0F00BE4454 /* Debug */,
				8424A93E26B5BE0F00BE4454 /* Release */,
			);
			defaultConfigurationIsVisible = 0;
			defaultConfigurationName = Release;
		};
		8424A93F26B5BE0F00BE4454 /* Build configuration list for PBXNativeTarget "mood-recorder" */ = {
			isa = XCConfigurationList;
			buildConfigurations = (
				8424A94026B5BE0F00BE4454 /* Debug */,
				8424A94126B5BE0F00BE4454 /* Release */,
			);
			defaultConfigurationIsVisible = 0;
			defaultConfigurationName = Release;
		};
/* End XCConfigurationList section */

/* Begin XCVersionGroup section */
		8424A93926B5BE0F00BE4454 /* mood_recorder.xcdatamodeld */ = {
			isa = XCVersionGroup;
			children = (
				8424A93A26B5BE0F00BE4454 /* mood_recorder.xcdatamodel */,
			);
			currentVersion = 8424A93A26B5BE0F00BE4454 /* mood_recorder.xcdatamodel */;
			path = mood_recorder.xcdatamodeld;
			sourceTree = "<group>";
			versionGroupType = wrapper.xcdatamodel;
		};
/* End XCVersionGroup section */
	};
	rootObject = 8424A92326B5BE0B00BE4454 /* Project object */;
}
